github.com/creasty/defaults v1.8.0 h1:z27FJxCAa0JKt3utc0sCImAEb+spPucmKoOdLHvHYKk=
github.com/creasty/defaults v1.8.0/go.mod h1:iGzKe6pbEHnpMPtfDXZEr0NVxWnPTjb1bbDy08fPzYM=
github.com/google/uuid v1.6.0 h1:NIvaJDMOsjHA8n1jAhLSgzrAzy1Hgr+hNrb57e+94F0=
github.com/google/uuid v1.6.0/go.mod h1:TIyPZe4MgqvfeYDBFedMoGGpEw/LqOeaOT+nhxU+yHo=
github.com/jonhteper/wasm v0.0.0-20201211011055-0e115c3b3eb9 h1:LCfFFsf3CPn2oyXGIuc56shxPo5YCGYMB+7OIKYi7Us=
github.com/jonhteper/wasm v0.0.0-20201211011055-0e115c3b3eb9/go.mod h1:DAF8mT1G45Bq7ZWz0a/VJZhdCHF73wAEZRoCXt62O7E=
github.com/nlepage/go-js-promise v1.1.0 h1:BfvywsIMo4cpNOKyoReBWkxEW8f9HMwXqGc45wEKPRs=
github.com/nlepage/go-js-promise v1.1.0/go.mod h1:bdOP0wObXu34euibyK39K1hoBCtlgTKXGc56AGflaRo=
github.com/norunners/vert v0.0.0-20221203075838-106a353d42dd h1:tHn7K76q9eJ2rXLH/OoxHkdprM3l2A+0kdxOrKYcV7U=
github.com/norunners/vert v0.0.0-20221203075838-106a353d42dd/go.mod h1:8iuQLyTSvuzwy6R6l6w6J+i9c/6xPEVoVdcMz9E8FEw=
golang.org/x/crypto v0.27.0 h1:GXm2NjJrPaiv/h1tb2UH8QfgC/hOf/+z0p6PT8o1w7A=
golang.org/x/crypto v0.27.0/go.mod h1:1Xngt8kV6Dvbssa53Ziq6Eqn0HqbZi5Z6R0ZpwQzt70=
golang.org/x/sys v0.25.0 h1:r+8e+loiHxRqhXVl6ML1nO3l1+oFoWbnlu2Ehimmi34=
golang.org/x/sys v0.25.0/go.mod h1:/VUhepiaJMQUp4+oa/7Zr1D23ma6VTLIYjOOTFZPUcA=
